// !$*UTF8*$!
{
	archiveVersion = 1;
	classes = {
	};
	objectVersion = 48;
	objects = {

/* Begin PBXBuildFile section */
		0BE044220A69ED9281798DE0 /* libPods-AppLotteryDraw.a in Frameworks */ = {isa = PBXBuildFile; fileRef = 456991C49744B0399AE9CE80 /* libPods-AppLotteryDraw.a */; };
		7280622A204916A40070C294 /* apps_uchat_xuanwonainiu.js in Resources */ = {isa = PBXBuildFile; fileRef = CB62D13A2047CC0200B618B2 /* apps_uchat_xuanwonainiu.js */; };
		7280622B204916AC0070C294 /* GlobalConfigFile.m in Sources */ = {isa = PBXBuildFile; fileRef = CB62D1452047CC0200B618B2 /* GlobalConfigFile.m */; };
		72932882204CF5D000569FEA /* custom.bundle in Resources */ = {isa = PBXBuildFile; fileRef = 72932881204CF5D000569FEA /* custom.bundle */; };
		72932885204D0E5000569FEA /* ALDMyAttentionController.m in Sources */ = {isa = PBXBuildFile; fileRef = 72932884204D0E5000569FEA /* ALDMyAttentionController.m */; };
		72932888204D0E9F00569FEA /* ALDMyAttentionViewModel.m in Sources */ = {isa = PBXBuildFile; fileRef = 72932887204D0E9F00569FEA /* ALDMyAttentionViewModel.m */; };
		7293288B204D19B000569FEA /* ALDMyAttentionCell.m in Sources */ = {isa = PBXBuildFile; fileRef = 7293288A204D19B000569FEA /* ALDMyAttentionCell.m */; };
		72A5A4EE20492075001F8C84 /* LotteryDrawResultListViewModel.m in Sources */ = {isa = PBXBuildFile; fileRef = 72A5A4ED20492075001F8C84 /* LotteryDrawResultListViewModel.m */; };
		72A5A4F22049241F001F8C84 /* ALDWaterfallLayout.m in Sources */ = {isa = PBXBuildFile; fileRef = 72A5A4F12049241F001F8C84 /* ALDWaterfallLayout.m */; };
		72A5A4F52049253E001F8C84 /* ALDImageInfoModel.m in Sources */ = {isa = PBXBuildFile; fileRef = 72A5A4F42049253E001F8C84 /* ALDImageInfoModel.m */; };
		72A5A4F82049264A001F8C84 /* ALDWaterfallLayoutCell.m in Sources */ = {isa = PBXBuildFile; fileRef = 72A5A4F72049264A001F8C84 /* ALDWaterfallLayoutCell.m */; };
		72A5A4FA20492970001F8C84 /* 1.plist in Resources */ = {isa = PBXBuildFile; fileRef = 72A5A4F920492970001F8C84 /* 1.plist */; };
		72A5A4FC20495744001F8C84 /* HiraginoSansGBW3.otf in Resources */ = {isa = PBXBuildFile; fileRef = 72A5A4FB20495744001F8C84 /* HiraginoSansGBW3.otf */; };
		72BB135120490F0000EE0AC3 /* LotteryDrawResultListCell.m in Sources */ = {isa = PBXBuildFile; fileRef = 72BB134E20490EFF00EE0AC3 /* LotteryDrawResultListCell.m */; };
		72BB135720490F1100EE0AC3 /* LotteryModel.m in Sources */ = {isa = PBXBuildFile; fileRef = 72BB135420490F1100EE0AC3 /* LotteryModel.m */; };
		72BB135820490F1100EE0AC3 /* Data.m in Sources */ = {isa = PBXBuildFile; fileRef = 72BB135620490F1100EE0AC3 /* Data.m */; };
		72BB135B20490F1B00EE0AC3 /* LotteryDrawResultListController.m in Sources */ = {isa = PBXBuildFile; fileRef = 72BB135920490F1B00EE0AC3 /* LotteryDrawResultListController.m */; };
		CB184BF5204CDD9400AAA6E6 /* SSUMMobService+Config.m in Sources */ = {isa = PBXBuildFile; fileRef = CB62D1362047CC0200B618B2 /* SSUMMobService+Config.m */; };
		CB184BFB204CE74400AAA6E6 /* GlobalVar.m in Sources */ = {isa = PBXBuildFile; fileRef = CB184BFA204CE74400AAA6E6 /* GlobalVar.m */; };
		CB57DC202046BE2C00F2CFB3 /* Assets.xcassets in Resources */ = {isa = PBXBuildFile; fileRef = CB57DC1F2046BE2C00F2CFB3 /* Assets.xcassets */; };
		CB62D1552047CC2900B618B2 /* SSApnsPushService+Config.m in Sources */ = {isa = PBXBuildFile; fileRef = CB62D1302047CC0200B618B2 /* SSApnsPushService+Config.m */; };
		CB62D1562047CC2E00B618B2 /* SSApnsPushService.m in Sources */ = {isa = PBXBuildFile; fileRef = CB62D1322047CC0200B618B2 /* SSApnsPushService.m */; };
		CB62D19C2047F73900B618B2 /* AASMenuController.m in Sources */ = {isa = PBXBuildFile; fileRef = CB62D1972047F72300B618B2 /* AASMenuController.m */; };
		CB62D19D2047F73B00B618B2 /* AMDHomeIndexController.m in Sources */ = {isa = PBXBuildFile; fileRef = CB62D1962047F72300B618B2 /* AMDHomeIndexController.m */; };
		CB62D19E2047F73E00B618B2 /* AASMenuCell.m in Sources */ = {isa = PBXBuildFile; fileRef = CB62D19A2047F73100B618B2 /* AASMenuCell.m */; };
		CB62D19F2047FD5100B618B2 /* DDMenuController.m in Sources */ = {isa = PBXBuildFile; fileRef = CB62D18A2047F59500B618B2 /* DDMenuController.m */; };
		CB62D1A02047FE1D00B618B2 /* AMDRootViewController+UMStatistic.m in Sources */ = {isa = PBXBuildFile; fileRef = CB62D13D2047CC0200B618B2 /* AMDRootViewController+UMStatistic.m */; };
		CB62D1B720480A3D00B618B2 /* home-share@2x.png in Resources */ = {isa = PBXBuildFile; fileRef = CB62D1A4204807E400B618B2 /* home-share@2x.png */; };
		CB62D1B820480A3D00B618B2 /* home_client@2x.png in Resources */ = {isa = PBXBuildFile; fileRef = CB62D1A7204807E400B618B2 /* home_client@2x.png */; };
		CB62D1B920480A3D00B618B2 /* home_income@2x.png in Resources */ = {isa = PBXBuildFile; fileRef = CB62D1A8204807E400B618B2 /* home_income@2x.png */; };
		CB62D1BA20480A3D00B618B2 /* home_menu@2x.png in Resources */ = {isa = PBXBuildFile; fileRef = CB62D1A9204807E400B618B2 /* home_menu@2x.png */; };
		CB62D1BB20480A3D00B618B2 /* home_order-form@2x.png in Resources */ = {isa = PBXBuildFile; fileRef = CB62D1AB204807E400B618B2 /* home_order-form@2x.png */; };
		CB62D1BC20480A3D00B618B2 /* home_shopset@2x.png in Resources */ = {isa = PBXBuildFile; fileRef = CB62D1AC204807E400B618B2 /* home_shopset@2x.png */; };
		CB62D1BD20480A3D00B618B2 /* home_statistics@2x.png in Resources */ = {isa = PBXBuildFile; fileRef = CB62D1AD204807E400B618B2 /* home_statistics@2x.png */; };
		CB62D1BE20480A3D00B618B2 /* loadingimg@2x.png in Resources */ = {isa = PBXBuildFile; fileRef = CB62D1AF204807E400B618B2 /* loadingimg@2x.png */; };
		CB62D1BF20480A3D00B618B2 /* menu_help@2x.png in Resources */ = {isa = PBXBuildFile; fileRef = CB62D1B0204807E400B618B2 /* menu_help@2x.png */; };
		CB62D1C020480A3D00B618B2 /* menu_myshop@2x.png in Resources */ = {isa = PBXBuildFile; fileRef = CB62D1B1204807E400B618B2 /* menu_myshop@2x.png */; };
		CB62D1C120480A3D00B618B2 /* menu_recommend@2x.png in Resources */ = {isa = PBXBuildFile; fileRef = CB62D1B2204807E400B618B2 /* menu_recommend@2x.png */; };
		CB62D1C220480A3D00B618B2 /* menu_set@2x.png in Resources */ = {isa = PBXBuildFile; fileRef = CB62D1B3204807E400B618B2 /* menu_set@2x.png */; };
		CB62D1C320480A3D00B618B2 /* menu_signout@2x.png in Resources */ = {isa = PBXBuildFile; fileRef = CB62D1B4204807E400B618B2 /* menu_signout@2x.png */; };
		CB62D1C420480A3D00B618B2 /* menu_store@2x.png in Resources */ = {isa = PBXBuildFile; fileRef = CB62D1B5204807E400B618B2 /* menu_store@2x.png */; };
		CB62D1C520480A3D00B618B2 /* menubackground@2x.png in Resources */ = {isa = PBXBuildFile; fileRef = CB62D1B6204807E400B618B2 /* menubackground@2x.png */; };
		CB62D1C82048112E00B618B2 /* AASMessageIndexController.m in Sources */ = {isa = PBXBuildFile; fileRef = CB62D1C72048112D00B618B2 /* AASMessageIndexController.m */; };
		CB62D1CA204812A800B618B2 /* home_message@2x.png in Resources */ = {isa = PBXBuildFile; fileRef = CB62D1C92048122D00B618B2 /* home_message@2x.png */; };
		CB7487DF2048F33D005890C7 /* ALDLotteryTypeModel.m in Sources */ = {isa = PBXBuildFile; fileRef = CB7487DE2048F33D005890C7 /* ALDLotteryTypeModel.m */; };
		CB7487E22048F3D0005890C7 /* ALDLofferyListController.m in Sources */ = {isa = PBXBuildFile; fileRef = CB7487E12048F3D0005890C7 /* ALDLofferyListController.m */; };
		CB7487E52048F509005890C7 /* ALDLotteryListViewModel.m in Sources */ = {isa = PBXBuildFile; fileRef = CB7487E42048F509005890C7 /* ALDLotteryListViewModel.m */; };
		CB7487E62048F95A005890C7 /* ALDCountryController.m in Sources */ = {isa = PBXBuildFile; fileRef = CB62D1832047EDB600B618B2 /* ALDCountryController.m */; };
		CB7487E72048F95B005890C7 /* ALDCountryViewModel.m in Sources */ = {isa = PBXBuildFile; fileRef = CB7487D62048EDF4005890C7 /* ALDCountryViewModel.m */; };
		CB7487EC20490F53005890C7 /* Lottery.bundle in Resources */ = {isa = PBXBuildFile; fileRef = CB7487EB20490F53005890C7 /* Lottery.bundle */; };
		CB7487EE204912BF005890C7 /* LotteryType.plist in Resources */ = {isa = PBXBuildFile; fileRef = CB7487ED204912BF005890C7 /* LotteryType.plist */; };
		CB7487F020492601005890C7 /* Launch Screen.storyboard in Resources */ = {isa = PBXBuildFile; fileRef = CB7487EF20492600005890C7 /* Launch Screen.storyboard */; };
		CB7487F520492FB1005890C7 /* ASDSettingController.m in Sources */ = {isa = PBXBuildFile; fileRef = CB7487F320492FB0005890C7 /* ASDSettingController.m */; };
		CB7487F820492FDE005890C7 /* AMDNotificationSettingsViewController.m in Sources */ = {isa = PBXBuildFile; fileRef = CB7487F620492FDC005890C7 /* AMDNotificationSettingsViewController.m */; };
		CB7487FB20493051005890C7 /* AMDFeedBackViewController.m in Sources */ = {isa = PBXBuildFile; fileRef = CB7487FA20493051005890C7 /* AMDFeedBackViewController.m */; };
		CB7487FC204949A4005890C7 /* main.m in Sources */ = {isa = PBXBuildFile; fileRef = CB57DC252046BE2C00F2CFB3 /* main.m */; };
		CB7487FD204949AD005890C7 /* AppGuideController.m in Sources */ = {isa = PBXBuildFile; fileRef = CB62D13F2047CC0200B618B2 /* AppGuideController.m */; };
		CB7487FE204949B1005890C7 /* AppDelegate.m in Sources */ = {isa = PBXBuildFile; fileRef = CB57DC172046BE2C00F2CFB3 /* AppDelegate.m */; };
		CB74880220495973005890C7 /* ALDHomeIndexViewModel.m in Sources */ = {isa = PBXBuildFile; fileRef = CB74880120495973005890C7 /* ALDHomeIndexViewModel.m */; };
		CB74880520495B8D005890C7 /* AYESupplyOfGoodsCell.m in Sources */ = {isa = PBXBuildFile; fileRef = CB74880420495B8D005890C7 /* AYESupplyOfGoodsCell.m */; };
		CB748809204962E4005890C7 /* Lotterys.plist in Resources */ = {isa = PBXBuildFile; fileRef = CB748808204962E4005890C7 /* Lotterys.plist */; };
/* End PBXBuildFile section */

/* Begin PBXFileReference section */
		0142D65FD1C0B123102BC25C /* Pods-AppLotteryDraw.debug.xcconfig */ = {isa = PBXFileReference; includeInIndex = 1; lastKnownFileType = text.xcconfig; name = "Pods-AppLotteryDraw.debug.xcconfig"; path = "Pods/Target Support Files/Pods-AppLotteryDraw/Pods-AppLotteryDraw.debug.xcconfig"; sourceTree = "<group>"; };
		1D3B304FAB1AFD7CFA826C15 /* Pods-AppLotteryDraw.release.xcconfig */ = {isa = PBXFileReference; includeInIndex = 1; lastKnownFileType = text.xcconfig; name = "Pods-AppLotteryDraw.release.xcconfig"; path = "Pods/Target Support Files/Pods-AppLotteryDraw/Pods-AppLotteryDraw.release.xcconfig"; sourceTree = "<group>"; };
		456991C49744B0399AE9CE80 /* libPods-AppLotteryDraw.a */ = {isa = PBXFileReference; explicitFileType = archive.ar; includeInIndex = 0; path = "libPods-AppLotteryDraw.a"; sourceTree = BUILT_PRODUCTS_DIR; };
		72932881204CF5D000569FEA /* custom.bundle */ = {isa = PBXFileReference; lastKnownFileType = "wrapper.plug-in"; path = custom.bundle; sourceTree = "<group>"; };
		72932883204D0E5000569FEA /* ALDMyAttentionController.h */ = {isa = PBXFileReference; lastKnownFileType = sourcecode.c.h; path = ALDMyAttentionController.h; sourceTree = "<group>"; };
		72932884204D0E5000569FEA /* ALDMyAttentionController.m */ = {isa = PBXFileReference; lastKnownFileType = sourcecode.c.objc; path = ALDMyAttentionController.m; sourceTree = "<group>"; };
		72932886204D0E9F00569FEA /* ALDMyAttentionViewModel.h */ = {isa = PBXFileReference; lastKnownFileType = sourcecode.c.h; path = ALDMyAttentionViewModel.h; sourceTree = "<group>"; };
		72932887204D0E9F00569FEA /* ALDMyAttentionViewModel.m */ = {isa = PBXFileReference; lastKnownFileType = sourcecode.c.objc; path = ALDMyAttentionViewModel.m; sourceTree = "<group>"; };
		72932889204D19B000569FEA /* ALDMyAttentionCell.h */ = {isa = PBXFileReference; lastKnownFileType = sourcecode.c.h; path = ALDMyAttentionCell.h; sourceTree = "<group>"; };
		7293288A204D19B000569FEA /* ALDMyAttentionCell.m */ = {isa = PBXFileReference; lastKnownFileType = sourcecode.c.objc; path = ALDMyAttentionCell.m; sourceTree = "<group>"; };
		72A5A4EC20492075001F8C84 /* LotteryDrawResultListViewModel.h */ = {isa = PBXFileReference; fileEncoding = 4; lastKnownFileType = sourcecode.c.h; path = LotteryDrawResultListViewModel.h; sourceTree = "<group>"; };
		72A5A4ED20492075001F8C84 /* LotteryDrawResultListViewModel.m */ = {isa = PBXFileReference; fileEncoding = 4; lastKnownFileType = sourcecode.c.objc; path = LotteryDrawResultListViewModel.m; sourceTree = "<group>"; };
		72A5A4F02049241F001F8C84 /* ALDWaterfallLayout.h */ = {isa = PBXFileReference; lastKnownFileType = sourcecode.c.h; path = ALDWaterfallLayout.h; sourceTree = "<group>"; };
		72A5A4F12049241F001F8C84 /* ALDWaterfallLayout.m */ = {isa = PBXFileReference; lastKnownFileType = sourcecode.c.objc; path = ALDWaterfallLayout.m; sourceTree = "<group>"; };
		72A5A4F32049253E001F8C84 /* ALDImageInfoModel.h */ = {isa = PBXFileReference; lastKnownFileType = sourcecode.c.h; path = ALDImageInfoModel.h; sourceTree = "<group>"; };
		72A5A4F42049253E001F8C84 /* ALDImageInfoModel.m */ = {isa = PBXFileReference; lastKnownFileType = sourcecode.c.objc; path = ALDImageInfoModel.m; sourceTree = "<group>"; };
		72A5A4F62049264A001F8C84 /* ALDWaterfallLayoutCell.h */ = {isa = PBXFileReference; lastKnownFileType = sourcecode.c.h; path = ALDWaterfallLayoutCell.h; sourceTree = "<group>"; };
		72A5A4F72049264A001F8C84 /* ALDWaterfallLayoutCell.m */ = {isa = PBXFileReference; lastKnownFileType = sourcecode.c.objc; path = ALDWaterfallLayoutCell.m; sourceTree = "<group>"; };
		72A5A4F920492970001F8C84 /* 1.plist */ = {isa = PBXFileReference; fileEncoding = 4; lastKnownFileType = text.plist.xml; path = 1.plist; sourceTree = "<group>"; };
		72A5A4FB20495744001F8C84 /* HiraginoSansGBW3.otf */ = {isa = PBXFileReference; lastKnownFileType = file; path = HiraginoSansGBW3.otf; sourceTree = "<group>"; };
		72BB134D20490EFF00EE0AC3 /* LotteryDrawResultListCell.h */ = {isa = PBXFileReference; fileEncoding = 4; lastKnownFileType = sourcecode.c.h; path = LotteryDrawResultListCell.h; sourceTree = "<group>"; };
		72BB134E20490EFF00EE0AC3 /* LotteryDrawResultListCell.m */ = {isa = PBXFileReference; fileEncoding = 4; lastKnownFileType = sourcecode.c.objc; path = LotteryDrawResultListCell.m; sourceTree = "<group>"; };
		72BB135320490F1000EE0AC3 /* LotteryModel.h */ = {isa = PBXFileReference; fileEncoding = 4; lastKnownFileType = sourcecode.c.h; path = LotteryModel.h; sourceTree = "<group>"; };
		72BB135420490F1100EE0AC3 /* LotteryModel.m */ = {isa = PBXFileReference; fileEncoding = 4; lastKnownFileType = sourcecode.c.objc; path = LotteryModel.m; sourceTree = "<group>"; };
		72BB135520490F1100EE0AC3 /* Data.h */ = {isa = PBXFileReference; fileEncoding = 4; lastKnownFileType = sourcecode.c.h; path = Data.h; sourceTree = "<group>"; };
		72BB135620490F1100EE0AC3 /* Data.m */ = {isa = PBXFileReference; fileEncoding = 4; lastKnownFileType = sourcecode.c.objc; path = Data.m; sourceTree = "<group>"; };
		72BB135920490F1B00EE0AC3 /* LotteryDrawResultListController.m */ = {isa = PBXFileReference; fileEncoding = 4; lastKnownFileType = sourcecode.c.objc; path = LotteryDrawResultListController.m; sourceTree = "<group>"; };
		72BB135A20490F1B00EE0AC3 /* LotteryDrawResultListController.h */ = {isa = PBXFileReference; fileEncoding = 4; lastKnownFileType = sourcecode.c.h; path = LotteryDrawResultListController.h; sourceTree = "<group>"; };
		CB184BF4204CDD2300AAA6E6 /* AppLotteryDraw.entitlements */ = {isa = PBXFileReference; lastKnownFileType = text.plist.entitlements; path = AppLotteryDraw.entitlements; sourceTree = "<group>"; };
		CB184BF9204CE74400AAA6E6 /* GlobalVar.h */ = {isa = PBXFileReference; lastKnownFileType = sourcecode.c.h; path = GlobalVar.h; sourceTree = "<group>"; };
		CB184BFA204CE74400AAA6E6 /* GlobalVar.m */ = {isa = PBXFileReference; lastKnownFileType = sourcecode.c.objc; path = GlobalVar.m; sourceTree = "<group>"; };
		CB57DC132046BE2C00F2CFB3 /* AppLotteryDraw.app */ = {isa = PBXFileReference; explicitFileType = wrapper.application; includeInIndex = 0; path = AppLotteryDraw.app; sourceTree = BUILT_PRODUCTS_DIR; };
		CB57DC162046BE2C00F2CFB3 /* AppDelegate.h */ = {isa = PBXFileReference; lastKnownFileType = sourcecode.c.h; path = AppDelegate.h; sourceTree = "<group>"; };
		CB57DC172046BE2C00F2CFB3 /* AppDelegate.m */ = {isa = PBXFileReference; lastKnownFileType = sourcecode.c.objc; path = AppDelegate.m; sourceTree = "<group>"; };
		CB57DC1F2046BE2C00F2CFB3 /* Assets.xcassets */ = {isa = PBXFileReference; lastKnownFileType = folder.assetcatalog; path = Assets.xcassets; sourceTree = "<group>"; };
		CB57DC242046BE2C00F2CFB3 /* Info.plist */ = {isa = PBXFileReference; lastKnownFileType = text.plist.xml; path = Info.plist; sourceTree = "<group>"; };
		CB57DC252046BE2C00F2CFB3 /* main.m */ = {isa = PBXFileReference; lastKnownFileType = sourcecode.c.objc; path = main.m; sourceTree = "<group>"; };
		CB62D12D2047CC0200B618B2 /* AMDRequestModule.h */ = {isa = PBXFileReference; lastKnownFileType = sourcecode.c.h; path = AMDRequestModule.h; sourceTree = "<group>"; };
		CB62D12E2047CC0200B618B2 /* AMDRequestModule.m */ = {isa = PBXFileReference; lastKnownFileType = sourcecode.c.objc; path = AMDRequestModule.m; sourceTree = "<group>"; };
		CB62D12F2047CC0200B618B2 /* SSApnsPushService+Config.h */ = {isa = PBXFileReference; lastKnownFileType = sourcecode.c.h; path = "SSApnsPushService+Config.h"; sourceTree = "<group>"; };
		CB62D1302047CC0200B618B2 /* SSApnsPushService+Config.m */ = {isa = PBXFileReference; lastKnownFileType = sourcecode.c.objc; path = "SSApnsPushService+Config.m"; sourceTree = "<group>"; };
		CB62D1312047CC0200B618B2 /* SSApnsPushService.h */ = {isa = PBXFileReference; lastKnownFileType = sourcecode.c.h; path = SSApnsPushService.h; sourceTree = "<group>"; };
		CB62D1322047CC0200B618B2 /* SSApnsPushService.m */ = {isa = PBXFileReference; lastKnownFileType = sourcecode.c.objc; path = SSApnsPushService.m; sourceTree = "<group>"; };
		CB62D1332047CC0200B618B2 /* SSEvokeAppService+Config.h */ = {isa = PBXFileReference; lastKnownFileType = sourcecode.c.h; path = "SSEvokeAppService+Config.h"; sourceTree = "<group>"; };
		CB62D1342047CC0200B618B2 /* SSEvokeAppService+Config.m */ = {isa = PBXFileReference; lastKnownFileType = sourcecode.c.objc; path = "SSEvokeAppService+Config.m"; sourceTree = "<group>"; };
		CB62D1352047CC0200B618B2 /* SSUMMobService+Config.h */ = {isa = PBXFileReference; lastKnownFileType = sourcecode.c.h; path = "SSUMMobService+Config.h"; sourceTree = "<group>"; };
		CB62D1362047CC0200B618B2 /* SSUMMobService+Config.m */ = {isa = PBXFileReference; lastKnownFileType = sourcecode.c.objc; path = "SSUMMobService+Config.m"; sourceTree = "<group>"; };
		CB62D1382047CC0200B618B2 /* AMDAnimationWebView+UserAgent.h */ = {isa = PBXFileReference; lastKnownFileType = sourcecode.c.h; path = "AMDAnimationWebView+UserAgent.h"; sourceTree = "<group>"; };
		CB62D1392047CC0200B618B2 /* AMDAnimationWebView+UserAgent.m */ = {isa = PBXFileReference; lastKnownFileType = sourcecode.c.objc; path = "AMDAnimationWebView+UserAgent.m"; sourceTree = "<group>"; };
		CB62D13A2047CC0200B618B2 /* apps_uchat_xuanwonainiu.js */ = {isa = PBXFileReference; lastKnownFileType = sourcecode.javascript; path = apps_uchat_xuanwonainiu.js; sourceTree = "<group>"; };
		CB62D13C2047CC0200B618B2 /* AMDRootViewController+UMStatistic.h */ = {isa = PBXFileReference; lastKnownFileType = sourcecode.c.h; path = "AMDRootViewController+UMStatistic.h"; sourceTree = "<group>"; };
		CB62D13D2047CC0200B618B2 /* AMDRootViewController+UMStatistic.m */ = {isa = PBXFileReference; lastKnownFileType = sourcecode.c.objc; path = "AMDRootViewController+UMStatistic.m"; sourceTree = "<group>"; };
		CB62D13E2047CC0200B618B2 /* AppGuideController.h */ = {isa = PBXFileReference; lastKnownFileType = sourcecode.c.h; path = AppGuideController.h; sourceTree = "<group>"; };
		CB62D13F2047CC0200B618B2 /* AppGuideController.m */ = {isa = PBXFileReference; lastKnownFileType = sourcecode.c.objc; path = AppGuideController.m; sourceTree = "<group>"; };
		CB62D1442047CC0200B618B2 /* GlobalConfigFile.h */ = {isa = PBXFileReference; lastKnownFileType = sourcecode.c.h; path = GlobalConfigFile.h; sourceTree = "<group>"; };
		CB62D1452047CC0200B618B2 /* GlobalConfigFile.m */ = {isa = PBXFileReference; lastKnownFileType = sourcecode.c.objc; path = GlobalConfigFile.m; sourceTree = "<group>"; };
		CB62D1462047CC0200B618B2 /* LoginInfoStorage.h */ = {isa = PBXFileReference; lastKnownFileType = sourcecode.c.h; path = LoginInfoStorage.h; sourceTree = "<group>"; };
		CB62D1472047CC0200B618B2 /* LoginInfoStorage.m */ = {isa = PBXFileReference; lastKnownFileType = sourcecode.c.objc; path = LoginInfoStorage.m; sourceTree = "<group>"; };
		CB62D14D2047CC0200B618B2 /* AMDAdvertiseView.h */ = {isa = PBXFileReference; lastKnownFileType = sourcecode.c.h; path = AMDAdvertiseView.h; sourceTree = "<group>"; };
		CB62D14E2047CC0200B618B2 /* AMDAdvertiseView.m */ = {isa = PBXFileReference; lastKnownFileType = sourcecode.c.objc; path = AMDAdvertiseView.m; sourceTree = "<group>"; };
		CB62D14F2047CC0200B618B2 /* AMDButton+ImageCache.h */ = {isa = PBXFileReference; lastKnownFileType = sourcecode.c.h; path = "AMDButton+ImageCache.h"; sourceTree = "<group>"; };
		CB62D1502047CC0200B618B2 /* AMDButton+ImageCache.m */ = {isa = PBXFileReference; lastKnownFileType = sourcecode.c.objc; path = "AMDButton+ImageCache.m"; sourceTree = "<group>"; };
		CB62D1512047CC0200B618B2 /* AMDImageView+ImageCache.h */ = {isa = PBXFileReference; lastKnownFileType = sourcecode.c.h; path = "AMDImageView+ImageCache.h"; sourceTree = "<group>"; };
		CB62D1522047CC0200B618B2 /* AMDImageView+ImageCache.m */ = {isa = PBXFileReference; lastKnownFileType = sourcecode.c.objc; path = "AMDImageView+ImageCache.m"; sourceTree = "<group>"; };
		CB62D1532047CC0200B618B2 /* AMDTabbarItem+Custom.h */ = {isa = PBXFileReference; lastKnownFileType = sourcecode.c.h; path = "AMDTabbarItem+Custom.h"; sourceTree = "<group>"; };
		CB62D1542047CC0200B618B2 /* AMDTabbarItem+Custom.m */ = {isa = PBXFileReference; lastKnownFileType = sourcecode.c.objc; path = "AMDTabbarItem+Custom.m"; sourceTree = "<group>"; };
		CB62D1822047EDB600B618B2 /* ALDCountryController.h */ = {isa = PBXFileReference; lastKnownFileType = sourcecode.c.h; path = ALDCountryController.h; sourceTree = "<group>"; };
		CB62D1832047EDB600B618B2 /* ALDCountryController.m */ = {isa = PBXFileReference; lastKnownFileType = sourcecode.c.objc; path = ALDCountryController.m; sourceTree = "<group>"; };
		CB62D1892047F59500B618B2 /* DDMenuController.h */ = {isa = PBXFileReference; lastKnownFileType = sourcecode.c.h; path = DDMenuController.h; sourceTree = "<group>"; };
		CB62D18A2047F59500B618B2 /* DDMenuController.m */ = {isa = PBXFileReference; lastKnownFileType = sourcecode.c.objc; path = DDMenuController.m; sourceTree = "<group>"; };
		CB62D1962047F72300B618B2 /* AMDHomeIndexController.m */ = {isa = PBXFileReference; lastKnownFileType = sourcecode.c.objc; path = AMDHomeIndexController.m; sourceTree = "<group>"; };
		CB62D1972047F72300B618B2 /* AASMenuController.m */ = {isa = PBXFileReference; lastKnownFileType = sourcecode.c.objc; path = AASMenuController.m; sourceTree = "<group>"; };
		CB62D1982047F72300B618B2 /* AMDHomeIndexController.h */ = {isa = PBXFileReference; lastKnownFileType = sourcecode.c.h; path = AMDHomeIndexController.h; sourceTree = "<group>"; };
		CB62D1992047F72300B618B2 /* AASMenuController.h */ = {isa = PBXFileReference; lastKnownFileType = sourcecode.c.h; path = AASMenuController.h; sourceTree = "<group>"; };
		CB62D19A2047F73100B618B2 /* AASMenuCell.m */ = {isa = PBXFileReference; lastKnownFileType = sourcecode.c.objc; path = AASMenuCell.m; sourceTree = "<group>"; };
		CB62D19B2047F73100B618B2 /* AASMenuCell.h */ = {isa = PBXFileReference; lastKnownFileType = sourcecode.c.h; path = AASMenuCell.h; sourceTree = "<group>"; };
		CB62D1A4204807E400B618B2 /* home-share@2x.png */ = {isa = PBXFileReference; lastKnownFileType = image.png; path = "home-share@2x.png"; sourceTree = "<group>"; };
		CB62D1A7204807E400B618B2 /* home_client@2x.png */ = {isa = PBXFileReference; lastKnownFileType = image.png; path = "home_client@2x.png"; sourceTree = "<group>"; };
		CB62D1A8204807E400B618B2 /* home_income@2x.png */ = {isa = PBXFileReference; lastKnownFileType = image.png; path = "home_income@2x.png"; sourceTree = "<group>"; };
		CB62D1A9204807E400B618B2 /* home_menu@2x.png */ = {isa = PBXFileReference; lastKnownFileType = image.png; path = "home_menu@2x.png"; sourceTree = "<group>"; };
		CB62D1AB204807E400B618B2 /* home_order-form@2x.png */ = {isa = PBXFileReference; lastKnownFileType = image.png; path = "home_order-form@2x.png"; sourceTree = "<group>"; };
		CB62D1AC204807E400B618B2 /* home_shopset@2x.png */ = {isa = PBXFileReference; lastKnownFileType = image.png; path = "home_shopset@2x.png"; sourceTree = "<group>"; };
		CB62D1AD204807E400B618B2 /* home_statistics@2x.png */ = {isa = PBXFileReference; lastKnownFileType = image.png; path = "home_statistics@2x.png"; sourceTree = "<group>"; };
		CB62D1AF204807E400B618B2 /* loadingimg@2x.png */ = {isa = PBXFileReference; lastKnownFileType = image.png; path = "loadingimg@2x.png"; sourceTree = "<group>"; };
		CB62D1B0204807E400B618B2 /* menu_help@2x.png */ = {isa = PBXFileReference; lastKnownFileType = image.png; path = "menu_help@2x.png"; sourceTree = "<group>"; };
		CB62D1B1204807E400B618B2 /* menu_myshop@2x.png */ = {isa = PBXFileReference; lastKnownFileType = image.png; path = "menu_myshop@2x.png"; sourceTree = "<group>"; };
		CB62D1B2204807E400B618B2 /* menu_recommend@2x.png */ = {isa = PBXFileReference; lastKnownFileType = image.png; path = "menu_recommend@2x.png"; sourceTree = "<group>"; };
		CB62D1B3204807E400B618B2 /* menu_set@2x.png */ = {isa = PBXFileReference; lastKnownFileType = image.png; path = "menu_set@2x.png"; sourceTree = "<group>"; };
		CB62D1B4204807E400B618B2 /* menu_signout@2x.png */ = {isa = PBXFileReference; lastKnownFileType = image.png; path = "menu_signout@2x.png"; sourceTree = "<group>"; };
		CB62D1B5204807E400B618B2 /* menu_store@2x.png */ = {isa = PBXFileReference; lastKnownFileType = image.png; path = "menu_store@2x.png"; sourceTree = "<group>"; };
		CB62D1B6204807E400B618B2 /* menubackground@2x.png */ = {isa = PBXFileReference; lastKnownFileType = image.png; path = "menubackground@2x.png"; sourceTree = "<group>"; };
		CB62D1C62048112D00B618B2 /* AASMessageIndexController.h */ = {isa = PBXFileReference; lastKnownFileType = sourcecode.c.h; path = AASMessageIndexController.h; sourceTree = "<group>"; };
		CB62D1C72048112D00B618B2 /* AASMessageIndexController.m */ = {isa = PBXFileReference; lastKnownFileType = sourcecode.c.objc; path = AASMessageIndexController.m; sourceTree = "<group>"; };
		CB62D1C92048122D00B618B2 /* home_message@2x.png */ = {isa = PBXFileReference; lastKnownFileType = image.png; path = "home_message@2x.png"; sourceTree = "<group>"; };
		CB7487D52048EDF4005890C7 /* ALDCountryViewModel.h */ = {isa = PBXFileReference; lastKnownFileType = sourcecode.c.h; path = ALDCountryViewModel.h; sourceTree = "<group>"; };
		CB7487D62048EDF4005890C7 /* ALDCountryViewModel.m */ = {isa = PBXFileReference; lastKnownFileType = sourcecode.c.objc; path = ALDCountryViewModel.m; sourceTree = "<group>"; };
		CB7487DD2048F33D005890C7 /* ALDLotteryTypeModel.h */ = {isa = PBXFileReference; lastKnownFileType = sourcecode.c.h; path = ALDLotteryTypeModel.h; sourceTree = "<group>"; };
		CB7487DE2048F33D005890C7 /* ALDLotteryTypeModel.m */ = {isa = PBXFileReference; lastKnownFileType = sourcecode.c.objc; path = ALDLotteryTypeModel.m; sourceTree = "<group>"; };
		CB7487E02048F3D0005890C7 /* ALDLofferyListController.h */ = {isa = PBXFileReference; lastKnownFileType = sourcecode.c.h; path = ALDLofferyListController.h; sourceTree = "<group>"; };
		CB7487E12048F3D0005890C7 /* ALDLofferyListController.m */ = {isa = PBXFileReference; lastKnownFileType = sourcecode.c.objc; path = ALDLofferyListController.m; sourceTree = "<group>"; };
		CB7487E32048F509005890C7 /* ALDLotteryListViewModel.h */ = {isa = PBXFileReference; lastKnownFileType = sourcecode.c.h; path = ALDLotteryListViewModel.h; sourceTree = "<group>"; };
		CB7487E42048F509005890C7 /* ALDLotteryListViewModel.m */ = {isa = PBXFileReference; lastKnownFileType = sourcecode.c.objc; path = ALDLotteryListViewModel.m; sourceTree = "<group>"; };
		CB7487EB20490F53005890C7 /* Lottery.bundle */ = {isa = PBXFileReference; lastKnownFileType = "wrapper.plug-in"; path = Lottery.bundle; sourceTree = "<group>"; };
		CB7487ED204912BF005890C7 /* LotteryType.plist */ = {isa = PBXFileReference; lastKnownFileType = text.plist.xml; path = LotteryType.plist; sourceTree = "<group>"; };
		CB7487EF20492600005890C7 /* Launch Screen.storyboard */ = {isa = PBXFileReference; lastKnownFileType = file.storyboard; path = "Launch Screen.storyboard"; sourceTree = "<group>"; };
		CB7487F220492C83005890C7 /* Hiragino Sans GB W3.otf */ = {isa = PBXFileReference; lastKnownFileType = file; path = "Hiragino Sans GB W3.otf"; sourceTree = "<group>"; };
		CB7487F320492FB0005890C7 /* ASDSettingController.m */ = {isa = PBXFileReference; lastKnownFileType = sourcecode.c.objc; path = ASDSettingController.m; sourceTree = "<group>"; };
		CB7487F420492FB1005890C7 /* ASDSettingController.h */ = {isa = PBXFileReference; lastKnownFileType = sourcecode.c.h; path = ASDSettingController.h; sourceTree = "<group>"; };
		CB7487F620492FDC005890C7 /* AMDNotificationSettingsViewController.m */ = {isa = PBXFileReference; lastKnownFileType = sourcecode.c.objc; path = AMDNotificationSettingsViewController.m; sourceTree = "<group>"; };
		CB7487F720492FDD005890C7 /* AMDNotificationSettingsViewController.h */ = {isa = PBXFileReference; lastKnownFileType = sourcecode.c.h; path = AMDNotificationSettingsViewController.h; sourceTree = "<group>"; };
		CB7487F920493050005890C7 /* AMDFeedBackViewController.h */ = {isa = PBXFileReference; lastKnownFileType = sourcecode.c.h; path = AMDFeedBackViewController.h; sourceTree = "<group>"; };
		CB7487FA20493051005890C7 /* AMDFeedBackViewController.m */ = {isa = PBXFileReference; lastKnownFileType = sourcecode.c.objc; path = AMDFeedBackViewController.m; sourceTree = "<group>"; };
		CB74880020495973005890C7 /* ALDHomeIndexViewModel.h */ = {isa = PBXFileReference; lastKnownFileType = sourcecode.c.h; path = ALDHomeIndexViewModel.h; sourceTree = "<group>"; };
		CB74880120495973005890C7 /* ALDHomeIndexViewModel.m */ = {isa = PBXFileReference; lastKnownFileType = sourcecode.c.objc; path = ALDHomeIndexViewModel.m; sourceTree = "<group>"; };
		CB74880320495B8D005890C7 /* AYESupplyOfGoodsCell.h */ = {isa = PBXFileReference; lastKnownFileType = sourcecode.c.h; path = AYESupplyOfGoodsCell.h; sourceTree = "<group>"; };
		CB74880420495B8D005890C7 /* AYESupplyOfGoodsCell.m */ = {isa = PBXFileReference; lastKnownFileType = sourcecode.c.objc; path = AYESupplyOfGoodsCell.m; sourceTree = "<group>"; };
		CB748808204962E4005890C7 /* Lotterys.plist */ = {isa = PBXFileReference; lastKnownFileType = text.plist.xml; path = Lotterys.plist; sourceTree = "<group>"; };
/* End PBXFileReference section */

/* Begin PBXFrameworksBuildPhase section */
		CB57DC102046BE2C00F2CFB3 /* Frameworks */ = {
			isa = PBXFrameworksBuildPhase;
			buildActionMask = 2147483647;
			files = (
				0BE044220A69ED9281798DE0 /* libPods-AppLotteryDraw.a in Frameworks */,
			);
			runOnlyForDeploymentPostprocessing = 0;
		};
/* End PBXFrameworksBuildPhase section */

/* Begin PBXGroup section */
		2626F652FFACD6A48352E86F /* Frameworks */ = {
			isa = PBXGroup;
			children = (
				456991C49744B0399AE9CE80 /* libPods-AppLotteryDraw.a */,
			);
			name = Frameworks;
			sourceTree = "<group>";
		};
		72A5A4EF204923CF001F8C84 /* Layout */ = {
			isa = PBXGroup;
			children = (
				72A5A4F02049241F001F8C84 /* ALDWaterfallLayout.h */,
				72A5A4F12049241F001F8C84 /* ALDWaterfallLayout.m */,
			);
			path = Layout;
			sourceTree = "<group>";
		};
		72BB134C20490EFF00EE0AC3 /* View */ = {
			isa = PBXGroup;
			children = (
				72BB134D20490EFF00EE0AC3 /* LotteryDrawResultListCell.h */,
				72BB134E20490EFF00EE0AC3 /* LotteryDrawResultListCell.m */,
				72A5A4F62049264A001F8C84 /* ALDWaterfallLayoutCell.h */,
				72A5A4F72049264A001F8C84 /* ALDWaterfallLayoutCell.m */,
				72932889204D19B000569FEA /* ALDMyAttentionCell.h */,
				7293288A204D19B000569FEA /* ALDMyAttentionCell.m */,
			);
			path = View;
			sourceTree = "<group>";
		};
		B35059106DED15EAC704786D /* Pods */ = {
			isa = PBXGroup;
			children = (
				0142D65FD1C0B123102BC25C /* Pods-AppLotteryDraw.debug.xcconfig */,
				1D3B304FAB1AFD7CFA826C15 /* Pods-AppLotteryDraw.release.xcconfig */,
			);
			name = Pods;
			sourceTree = "<group>";
		};
		CB184BF02049936600AAA6E6 /* ALDWeb */ = {
			isa = PBXGroup;
			children = (
			);
			path = ALDWeb;
			sourceTree = "<group>";
		};
		CB57DC0A2046BE2C00F2CFB3 = {
			isa = PBXGroup;
			children = (
				CB57DC152046BE2C00F2CFB3 /* AppLotteryDraw */,
				CB57DC142046BE2C00F2CFB3 /* Products */,
				B35059106DED15EAC704786D /* Pods */,
				2626F652FFACD6A48352E86F /* Frameworks */,
			);
			sourceTree = "<group>";
		};
		CB57DC142046BE2C00F2CFB3 /* Products */ = {
			isa = PBXGroup;
			children = (
				CB57DC132046BE2C00F2CFB3 /* AppLotteryDraw.app */,
			);
			name = Products;
			sourceTree = "<group>";
		};
		CB57DC152046BE2C00F2CFB3 /* AppLotteryDraw */ = {
			isa = PBXGroup;
			children = (
				CB184BF4204CDD2300AAA6E6 /* AppLotteryDraw.entitlements */,
				CB57DC162046BE2C00F2CFB3 /* AppDelegate.h */,
				CB57DC172046BE2C00F2CFB3 /* AppDelegate.m */,
				CB184BF02049936600AAA6E6 /* ALDWeb */,
				CB62D1912047F6EB00B618B2 /* ALDHome */,
				CB62D12B2047CC0200B618B2 /* AMDBase */,
				CB62D1592047D64000B618B2 /* ALDCountry */,
				CB7487D82048F2EE005890C7 /* ALDLottery */,
				CB62D1852047F59500B618B2 /* OtherResources */,
				CB62D1A1204807E400B618B2 /* Resources */,
				CB57DC1F2046BE2C00F2CFB3 /* Assets.xcassets */,
				72A5A4FB20495744001F8C84 /* HiraginoSansGBW3.otf */,
				CB57DC242046BE2C00F2CFB3 /* Info.plist */,
				CB57DC252046BE2C00F2CFB3 /* main.m */,
				CB7487EF20492600005890C7 /* Launch Screen.storyboard */,
				72A5A4F920492970001F8C84 /* 1.plist */,
			);
			path = AppLotteryDraw;
			sourceTree = "<group>";
		};
		CB62D12B2047CC0200B618B2 /* AMDBase */ = {
			isa = PBXGroup;
			children = (
				CB62D12C2047CC0200B618B2 /* BaseModules */,
				CB62D1372047CC0200B618B2 /* CommonView */,
				CB62D13B2047CC0200B618B2 /* Controller */,
				CB62D1422047CC0200B618B2 /* Utility */,
				CB62D14C2047CC0200B618B2 /* View */,
			);
			path = AMDBase;
			sourceTree = "<group>";
		};
		CB62D12C2047CC0200B618B2 /* BaseModules */ = {
			isa = PBXGroup;
			children = (
				CB62D12D2047CC0200B618B2 /* AMDRequestModule.h */,
				CB62D12E2047CC0200B618B2 /* AMDRequestModule.m */,
				CB62D12F2047CC0200B618B2 /* SSApnsPushService+Config.h */,
				CB62D1302047CC0200B618B2 /* SSApnsPushService+Config.m */,
				CB62D1312047CC0200B618B2 /* SSApnsPushService.h */,
				CB62D1322047CC0200B618B2 /* SSApnsPushService.m */,
				CB62D1332047CC0200B618B2 /* SSEvokeAppService+Config.h */,
				CB62D1342047CC0200B618B2 /* SSEvokeAppService+Config.m */,
				CB62D1352047CC0200B618B2 /* SSUMMobService+Config.h */,
				CB62D1362047CC0200B618B2 /* SSUMMobService+Config.m */,
			);
			path = BaseModules;
			sourceTree = "<group>";
		};
		CB62D1372047CC0200B618B2 /* CommonView */ = {
			isa = PBXGroup;
			children = (
				CB62D1382047CC0200B618B2 /* AMDAnimationWebView+UserAgent.h */,
				CB62D1392047CC0200B618B2 /* AMDAnimationWebView+UserAgent.m */,
				CB62D13A2047CC0200B618B2 /* apps_uchat_xuanwonainiu.js */,
			);
			path = CommonView;
			sourceTree = "<group>";
		};
		CB62D13B2047CC0200B618B2 /* Controller */ = {
			isa = PBXGroup;
			children = (
				CB62D13C2047CC0200B618B2 /* AMDRootViewController+UMStatistic.h */,
				CB62D13D2047CC0200B618B2 /* AMDRootViewController+UMStatistic.m */,
				CB62D13E2047CC0200B618B2 /* AppGuideController.h */,
				CB62D13F2047CC0200B618B2 /* AppGuideController.m */,
			);
			path = Controller;
			sourceTree = "<group>";
		};
		CB62D1422047CC0200B618B2 /* Utility */ = {
			isa = PBXGroup;
			children = (
				CB62D1442047CC0200B618B2 /* GlobalConfigFile.h */,
				CB62D1452047CC0200B618B2 /* GlobalConfigFile.m */,
				CB62D1462047CC0200B618B2 /* LoginInfoStorage.h */,
				CB62D1472047CC0200B618B2 /* LoginInfoStorage.m */,
				CB184BF9204CE74400AAA6E6 /* GlobalVar.h */,
				CB184BFA204CE74400AAA6E6 /* GlobalVar.m */,
			);
			path = Utility;
			sourceTree = "<group>";
		};
		CB62D14C2047CC0200B618B2 /* View */ = {
			isa = PBXGroup;
			children = (
				CB62D14D2047CC0200B618B2 /* AMDAdvertiseView.h */,
				CB62D14E2047CC0200B618B2 /* AMDAdvertiseView.m */,
				CB62D14F2047CC0200B618B2 /* AMDButton+ImageCache.h */,
				CB62D1502047CC0200B618B2 /* AMDButton+ImageCache.m */,
				CB62D1512047CC0200B618B2 /* AMDImageView+ImageCache.h */,
				CB62D1522047CC0200B618B2 /* AMDImageView+ImageCache.m */,
				CB62D1532047CC0200B618B2 /* AMDTabbarItem+Custom.h */,
				CB62D1542047CC0200B618B2 /* AMDTabbarItem+Custom.m */,
			);
			path = View;
			sourceTree = "<group>";
		};
		CB62D1592047D64000B618B2 /* ALDCountry */ = {
			isa = PBXGroup;
			children = (
				CB62D1812047E97600B618B2 /* Controller */,
				CB62D17E2047E97500B618B2 /* ViewModel */,
			);
			path = ALDCountry;
			sourceTree = "<group>";
		};
		CB62D17E2047E97500B618B2 /* ViewModel */ = {
			isa = PBXGroup;
			children = (
				CB7487D52048EDF4005890C7 /* ALDCountryViewModel.h */,
				CB7487D62048EDF4005890C7 /* ALDCountryViewModel.m */,
			);
			path = ViewModel;
			sourceTree = "<group>";
		};
		CB62D1812047E97600B618B2 /* Controller */ = {
			isa = PBXGroup;
			children = (
				CB62D1822047EDB600B618B2 /* ALDCountryController.h */,
				CB62D1832047EDB600B618B2 /* ALDCountryController.m */,
			);
			path = Controller;
			sourceTree = "<group>";
		};
		CB62D1852047F59500B618B2 /* OtherResources */ = {
			isa = PBXGroup;
			children = (
				CB62D1862047F59500B618B2 /* Library */,
			);
			path = OtherResources;
			sourceTree = "<group>";
		};
		CB62D1862047F59500B618B2 /* Library */ = {
			isa = PBXGroup;
			children = (
				CB62D1872047F59500B618B2 /* libDdMenu */,
			);
			path = Library;
			sourceTree = "<group>";
		};
		CB62D1872047F59500B618B2 /* libDdMenu */ = {
			isa = PBXGroup;
			children = (
				CB62D1882047F59500B618B2 /* DDMenu */,
			);
			path = libDdMenu;
			sourceTree = "<group>";
		};
		CB62D1882047F59500B618B2 /* DDMenu */ = {
			isa = PBXGroup;
			children = (
				CB62D1892047F59500B618B2 /* DDMenuController.h */,
				CB62D18A2047F59500B618B2 /* DDMenuController.m */,
			);
			path = DDMenu;
			sourceTree = "<group>";
		};
		CB62D1912047F6EB00B618B2 /* ALDHome */ = {
			isa = PBXGroup;
			children = (
				CB7487FF20495959005890C7 /* ViewModel */,
				CB62D1922047F6EB00B618B2 /* Controller */,
				CB62D1942047F6EB00B618B2 /* View */,
			);
			path = ALDHome;
			sourceTree = "<group>";
		};
		CB62D1922047F6EB00B618B2 /* Controller */ = {
			isa = PBXGroup;
			children = (
				CB62D1992047F72300B618B2 /* AASMenuController.h */,
				CB62D1972047F72300B618B2 /* AASMenuController.m */,
				CB62D1982047F72300B618B2 /* AMDHomeIndexController.h */,
				CB62D1962047F72300B618B2 /* AMDHomeIndexController.m */,
				CB62D1C62048112D00B618B2 /* AASMessageIndexController.h */,
				CB62D1C72048112D00B618B2 /* AASMessageIndexController.m */,
				CB7487F420492FB1005890C7 /* ASDSettingController.h */,
				CB7487F320492FB0005890C7 /* ASDSettingController.m */,
				CB7487F720492FDD005890C7 /* AMDNotificationSettingsViewController.h */,
				CB7487F620492FDC005890C7 /* AMDNotificationSettingsViewController.m */,
				CB7487F920493050005890C7 /* AMDFeedBackViewController.h */,
				CB7487FA20493051005890C7 /* AMDFeedBackViewController.m */,
			);
			path = Controller;
			sourceTree = "<group>";
		};
		CB62D1942047F6EB00B618B2 /* View */ = {
			isa = PBXGroup;
			children = (
				CB74880320495B8D005890C7 /* AYESupplyOfGoodsCell.h */,
				CB74880420495B8D005890C7 /* AYESupplyOfGoodsCell.m */,
				CB62D19B2047F73100B618B2 /* AASMenuCell.h */,
				CB62D19A2047F73100B618B2 /* AASMenuCell.m */,
			);
			path = View;
			sourceTree = "<group>";
		};
		CB62D1A1204807E400B618B2 /* Resources */ = {
			isa = PBXGroup;
			children = (
				CB7487F220492C83005890C7 /* Hiragino Sans GB W3.otf */,
				CB62D1A2204807E400B618B2 /* Index */,
				CB7487EB20490F53005890C7 /* Lottery.bundle */,
				CB7487ED204912BF005890C7 /* LotteryType.plist */,
				CB748808204962E4005890C7 /* Lotterys.plist */,
				72932881204CF5D000569FEA /* custom.bundle */,
			);
			path = Resources;
			sourceTree = "<group>";
		};
		CB62D1A2204807E400B618B2 /* Index */ = {
			isa = PBXGroup;
			children = (
				CB62D1C92048122D00B618B2 /* home_message@2x.png */,
				CB62D1A4204807E400B618B2 /* home-share@2x.png */,
				CB62D1A7204807E400B618B2 /* home_client@2x.png */,
				CB62D1A8204807E400B618B2 /* home_income@2x.png */,
				CB62D1A9204807E400B618B2 /* home_menu@2x.png */,
				CB62D1AB204807E400B618B2 /* home_order-form@2x.png */,
				CB62D1AC204807E400B618B2 /* home_shopset@2x.png */,
				CB62D1AD204807E400B618B2 /* home_statistics@2x.png */,
				CB62D1AF204807E400B618B2 /* loadingimg@2x.png */,
				CB62D1B0204807E400B618B2 /* menu_help@2x.png */,
				CB62D1B1204807E400B618B2 /* menu_myshop@2x.png */,
				CB62D1B2204807E400B618B2 /* menu_recommend@2x.png */,
				CB62D1B3204807E400B618B2 /* menu_set@2x.png */,
				CB62D1B4204807E400B618B2 /* menu_signout@2x.png */,
				CB62D1B5204807E400B618B2 /* menu_store@2x.png */,
				CB62D1B6204807E400B618B2 /* menubackground@2x.png */,
			);
			path = Index;
			sourceTree = "<group>";
		};
		CB7487D82048F2EE005890C7 /* ALDLottery */ = {
			isa = PBXGroup;
			children = (
				72A5A4EF204923CF001F8C84 /* Layout */,
				72BB134C20490EFF00EE0AC3 /* View */,
				CB7487D92048F2EE005890C7 /* Controller */,
				CB7487DA2048F2EE005890C7 /* Model */,
				CB7487DC2048F2EE005890C7 /* ViewModel */,
			);
			path = ALDLottery;
			sourceTree = "<group>";
		};
		CB7487D92048F2EE005890C7 /* Controller */ = {
			isa = PBXGroup;
			children = (
				72BB135A20490F1B00EE0AC3 /* LotteryDrawResultListController.h */,
				72BB135920490F1B00EE0AC3 /* LotteryDrawResultListController.m */,
				CB7487E02048F3D0005890C7 /* ALDLofferyListController.h */,
				CB7487E12048F3D0005890C7 /* ALDLofferyListController.m */,
				72932883204D0E5000569FEA /* ALDMyAttentionController.h */,
				72932884204D0E5000569FEA /* ALDMyAttentionController.m */,
			);
			path = Controller;
			sourceTree = "<group>";
		};
		CB7487DA2048F2EE005890C7 /* Model */ = {
			isa = PBXGroup;
			children = (
				72BB135520490F1100EE0AC3 /* Data.h */,
				72BB135620490F1100EE0AC3 /* Data.m */,
				72BB135320490F1000EE0AC3 /* LotteryModel.h */,
				72BB135420490F1100EE0AC3 /* LotteryModel.m */,
				CB7487DD2048F33D005890C7 /* ALDLotteryTypeModel.h */,
				CB7487DE2048F33D005890C7 /* ALDLotteryTypeModel.m */,
				72A5A4F32049253E001F8C84 /* ALDImageInfoModel.h */,
				72A5A4F42049253E001F8C84 /* ALDImageInfoModel.m */,
			);
			path = Model;
			sourceTree = "<group>";
		};
		CB7487DC2048F2EE005890C7 /* ViewModel */ = {
			isa = PBXGroup;
			children = (
				72A5A4EC20492075001F8C84 /* LotteryDrawResultListViewModel.h */,
				72A5A4ED20492075001F8C84 /* LotteryDrawResultListViewModel.m */,
				CB7487E32048F509005890C7 /* ALDLotteryListViewModel.h */,
				CB7487E42048F509005890C7 /* ALDLotteryListViewModel.m */,
				72932886204D0E9F00569FEA /* ALDMyAttentionViewModel.h */,
				72932887204D0E9F00569FEA /* ALDMyAttentionViewModel.m */,
			);
			path = ViewModel;
			sourceTree = "<group>";
		};
		CB7487FF20495959005890C7 /* ViewModel */ = {
			isa = PBXGroup;
			children = (
				CB74880020495973005890C7 /* ALDHomeIndexViewModel.h */,
				CB74880120495973005890C7 /* ALDHomeIndexViewModel.m */,
			);
			path = ViewModel;
			sourceTree = "<group>";
		};
/* End PBXGroup section */

/* Begin PBXNativeTarget section */
		CB57DC122046BE2C00F2CFB3 /* AppLotteryDraw */ = {
			isa = PBXNativeTarget;
			buildConfigurationList = CB57DC292046BE2C00F2CFB3 /* Build configuration list for PBXNativeTarget "AppLotteryDraw" */;
			buildPhases = (
				DE7E395174B158C53EE4B88D /* [CP] Check Pods Manifest.lock */,
				CB57DC0F2046BE2C00F2CFB3 /* Sources */,
				CB57DC102046BE2C00F2CFB3 /* Frameworks */,
				CB57DC112046BE2C00F2CFB3 /* Resources */,
				89660CDFCC28F12D6556D3D5 /* [CP] Embed Pods Frameworks */,
				8EAB8565A8FED92849D04540 /* [CP] Copy Pods Resources */,
			);
			buildRules = (
			);
			dependencies = (
			);
			name = AppLotteryDraw;
			productName = AppLotteryDraw;
			productReference = CB57DC132046BE2C00F2CFB3 /* AppLotteryDraw.app */;
			productType = "com.apple.product-type.application";
		};
/* End PBXNativeTarget section */

/* Begin PBXProject section */
		CB57DC0B2046BE2C00F2CFB3 /* Project object */ = {
			isa = PBXProject;
			attributes = {
				LastUpgradeCheck = 0900;
				ORGANIZATIONNAME = SunSet;
				TargetAttributes = {
					CB57DC122046BE2C00F2CFB3 = {
						CreatedOnToolsVersion = 9.0;
						ProvisioningStyle = Automatic;
						SystemCapabilities = {
							com.apple.Push = {
								enabled = 1;
							};
						};
					};
				};
			};
			buildConfigurationList = CB57DC0E2046BE2C00F2CFB3 /* Build configuration list for PBXProject "AppLotteryDraw" */;
			compatibilityVersion = "Xcode 8.0";
			developmentRegion = en;
			hasScannedForEncodings = 0;
			knownRegions = (
				en,
				Base,
			);
			mainGroup = CB57DC0A2046BE2C00F2CFB3;
			productRefGroup = CB57DC142046BE2C00F2CFB3 /* Products */;
			projectDirPath = "";
			projectRoot = "";
			targets = (
				CB57DC122046BE2C00F2CFB3 /* AppLotteryDraw */,
			);
		};
/* End PBXProject section */

/* Begin PBXResourcesBuildPhase section */
		CB57DC112046BE2C00F2CFB3 /* Resources */ = {
			isa = PBXResourcesBuildPhase;
			buildActionMask = 2147483647;
			files = (
				CB62D1C020480A3D00B618B2 /* menu_myshop@2x.png in Resources */,
				CB57DC202046BE2C00F2CFB3 /* Assets.xcassets in Resources */,
				72A5A4FA20492970001F8C84 /* 1.plist in Resources */,
				CB62D1BC20480A3D00B618B2 /* home_shopset@2x.png in Resources */,
				72A5A4FC20495744001F8C84 /* HiraginoSansGBW3.otf in Resources */,
				CB62D1B820480A3D00B618B2 /* home_client@2x.png in Resources */,
				CB62D1C220480A3D00B618B2 /* menu_set@2x.png in Resources */,
				CB7487EE204912BF005890C7 /* LotteryType.plist in Resources */,
				CB62D1CA204812A800B618B2 /* home_message@2x.png in Resources */,
				CB62D1B920480A3D00B618B2 /* home_income@2x.png in Resources */,
				72932882204CF5D000569FEA /* custom.bundle in Resources */,
				CB7487EC20490F53005890C7 /* Lottery.bundle in Resources */,
				CB62D1BA20480A3D00B618B2 /* home_menu@2x.png in Resources */,
				7280622A204916A40070C294 /* apps_uchat_xuanwonainiu.js in Resources */,
				CB62D1C520480A3D00B618B2 /* menubackground@2x.png in Resources */,
				CB62D1BE20480A3D00B618B2 /* loadingimg@2x.png in Resources */,
				CB62D1BF20480A3D00B618B2 /* menu_help@2x.png in Resources */,
				CB62D1C120480A3D00B618B2 /* menu_recommend@2x.png in Resources */,
				CB62D1C420480A3D00B618B2 /* menu_store@2x.png in Resources */,
				CB62D1BB20480A3D00B618B2 /* home_order-form@2x.png in Resources */,
				CB748809204962E4005890C7 /* Lotterys.plist in Resources */,
				CB62D1BD20480A3D00B618B2 /* home_statistics@2x.png in Resources */,
				CB62D1B720480A3D00B618B2 /* home-share@2x.png in Resources */,
				CB7487F020492601005890C7 /* Launch Screen.storyboard in Resources */,
				CB62D1C320480A3D00B618B2 /* menu_signout@2x.png in Resources */,
			);
			runOnlyForDeploymentPostprocessing = 0;
		};
/* End PBXResourcesBuildPhase section */

/* Begin PBXShellScriptBuildPhase section */
		89660CDFCC28F12D6556D3D5 /* [CP] Embed Pods Frameworks */ = {
			isa = PBXShellScriptBuildPhase;
			buildActionMask = 2147483647;
			files = (
			);
			inputPaths = (
			);
			name = "[CP] Embed Pods Frameworks";
			outputPaths = (
			);
			runOnlyForDeploymentPostprocessing = 0;
			shellPath = /bin/sh;
			shellScript = "\"${SRCROOT}/Pods/Target Support Files/Pods-AppLotteryDraw/Pods-AppLotteryDraw-frameworks.sh\"\n";
			showEnvVarsInLog = 0;
		};
		8EAB8565A8FED92849D04540 /* [CP] Copy Pods Resources */ = {
			isa = PBXShellScriptBuildPhase;
			buildActionMask = 2147483647;
			files = (
			);
			inputPaths = (
			);
			name = "[CP] Copy Pods Resources";
			outputPaths = (
			);
			runOnlyForDeploymentPostprocessing = 0;
			shellPath = /bin/sh;
			shellScript = "\"${SRCROOT}/Pods/Target Support Files/Pods-AppLotteryDraw/Pods-AppLotteryDraw-resources.sh\"\n";
			showEnvVarsInLog = 0;
		};
		DE7E395174B158C53EE4B88D /* [CP] Check Pods Manifest.lock */ = {
			isa = PBXShellScriptBuildPhase;
			buildActionMask = 2147483647;
			files = (
			);
			inputPaths = (
			);
			name = "[CP] Check Pods Manifest.lock";
			outputPaths = (
			);
			runOnlyForDeploymentPostprocessing = 0;
			shellPath = /bin/sh;
			shellScript = "diff \"${PODS_PODFILE_DIR_PATH}/Podfile.lock\" \"${PODS_ROOT}/Manifest.lock\" > /dev/null\nif [ $? != 0 ] ; then\n    # print error to STDERR\n    echo \"error: The sandbox is not in sync with the Podfile.lock. Run 'pod install' or update your CocoaPods installation.\" >&2\n    exit 1\nfi\n";
			showEnvVarsInLog = 0;
		};
/* End PBXShellScriptBuildPhase section */

/* Begin PBXSourcesBuildPhase section */
		CB57DC0F2046BE2C00F2CFB3 /* Sources */ = {
			isa = PBXSourcesBuildPhase;
			buildActionMask = 2147483647;
			files = (
				CB184BFB204CE74400AAA6E6 /* GlobalVar.m in Sources */,
				CB7487FE204949B1005890C7 /* AppDelegate.m in Sources */,
				CB7487FD204949AD005890C7 /* AppGuideController.m in Sources */,
				CB7487FC204949A4005890C7 /* main.m in Sources */,
				72A5A4F82049264A001F8C84 /* ALDWaterfallLayoutCell.m in Sources */,
				7293288B204D19B000569FEA /* ALDMyAttentionCell.m in Sources */,
				72932888204D0E9F00569FEA /* ALDMyAttentionViewModel.m in Sources */,
				CB7487E52048F509005890C7 /* ALDLotteryListViewModel.m in Sources */,
				CB7487E72048F95B005890C7 /* ALDCountryViewModel.m in Sources */,
				CB74880520495B8D005890C7 /* AYESupplyOfGoodsCell.m in Sources */,
				CB62D1C82048112E00B618B2 /* AASMessageIndexController.m in Sources */,
				CB62D19D2047F73B00B618B2 /* AMDHomeIndexController.m in Sources */,
				CB7487E62048F95A005890C7 /* ALDCountryController.m in Sources */,
				CB7487DF2048F33D005890C7 /* ALDLotteryTypeModel.m in Sources */,
				CB74880220495973005890C7 /* ALDHomeIndexViewModel.m in Sources */,
				CB62D1562047CC2E00B618B2 /* SSApnsPushService.m in Sources */,
				CB62D19C2047F73900B618B2 /* AASMenuController.m in Sources */,
				72A5A4EE20492075001F8C84 /* LotteryDrawResultListViewModel.m in Sources */,
				7280622B204916AC0070C294 /* GlobalConfigFile.m in Sources */,
				CB62D19E2047F73E00B618B2 /* AASMenuCell.m in Sources */,
				CB184BF5204CDD9400AAA6E6 /* SSUMMobService+Config.m in Sources */,
				CB62D19F2047FD5100B618B2 /* DDMenuController.m in Sources */,
				CB7487FB20493051005890C7 /* AMDFeedBackViewController.m in Sources */,
				72A5A4F22049241F001F8C84 /* ALDWaterfallLayout.m in Sources */,
				72932885204D0E5000569FEA /* ALDMyAttentionController.m in Sources */,
				72BB135820490F1100EE0AC3 /* Data.m in Sources */,
				CB62D1A02047FE1D00B618B2 /* AMDRootViewController+UMStatistic.m in Sources */,
				72BB135720490F1100EE0AC3 /* LotteryModel.m in Sources */,
				CB7487E22048F3D0005890C7 /* ALDLofferyListController.m in Sources */,
				CB7487F820492FDE005890C7 /* AMDNotificationSettingsViewController.m in Sources */,
				CB7487F520492FB1005890C7 /* ASDSettingController.m in Sources */,
				CB62D1552047CC2900B618B2 /* SSApnsPushService+Config.m in Sources */,
				72BB135120490F0000EE0AC3 /* LotteryDrawResultListCell.m in Sources */,
				72BB135B20490F1B00EE0AC3 /* LotteryDrawResultListController.m in Sources */,
				72A5A4F52049253E001F8C84 /* ALDImageInfoModel.m in Sources */,
			);
			runOnlyForDeploymentPostprocessing = 0;
		};
/* End PBXSourcesBuildPhase section */

/* Begin XCBuildConfiguration section */
		CB57DC272046BE2C00F2CFB3 /* Debug */ = {
			isa = XCBuildConfiguration;
			buildSettings = {
				ALWAYS_SEARCH_USER_PATHS = NO;
				CLANG_ANALYZER_NONNULL = YES;
				CLANG_ANALYZER_NUMBER_OBJECT_CONVERSION = YES_AGGRESSIVE;
				CLANG_CXX_LANGUAGE_STANDARD = "gnu++14";
				CLANG_CXX_LIBRARY = "libc++";
				CLANG_ENABLE_MODULES = YES;
				CLANG_ENABLE_OBJC_ARC = YES;
				CLANG_WARN_BLOCK_CAPTURE_AUTORELEASING = YES;
				CLANG_WARN_BOOL_CONVERSION = YES;
				CLANG_WARN_COMMA = YES;
				CLANG_WARN_CONSTANT_CONVERSION = YES;
				CLANG_WARN_DIRECT_OBJC_ISA_USAGE = YES_ERROR;
				CLANG_WARN_DOCUMENTATION_COMMENTS = YES;
				CLANG_WARN_EMPTY_BODY = YES;
				CLANG_WARN_ENUM_CONVERSION = YES;
				CLANG_WARN_INFINITE_RECURSION = YES;
				CLANG_WARN_INT_CONVERSION = YES;
				CLANG_WARN_NON_LITERAL_NULL_CONVERSION = YES;
				CLANG_WARN_OBJC_LITERAL_CONVERSION = YES;
				CLANG_WARN_OBJC_ROOT_CLASS = YES_ERROR;
				CLANG_WARN_RANGE_LOOP_ANALYSIS = YES;
				CLANG_WARN_STRICT_PROTOTYPES = YES;
				CLANG_WARN_SUSPICIOUS_MOVE = YES;
				CLANG_WARN_UNGUARDED_AVAILABILITY = YES_AGGRESSIVE;
				CLANG_WARN_UNREACHABLE_CODE = YES;
				CLANG_WARN__DUPLICATE_METHOD_MATCH = YES;
				CODE_SIGN_IDENTITY = "iPhone Developer";
				COPY_PHASE_STRIP = NO;
				DEBUG_INFORMATION_FORMAT = dwarf;
				ENABLE_STRICT_OBJC_MSGSEND = YES;
				ENABLE_TESTABILITY = YES;
				GCC_C_LANGUAGE_STANDARD = gnu11;
				GCC_DYNAMIC_NO_PIC = NO;
				GCC_NO_COMMON_BLOCKS = YES;
				GCC_OPTIMIZATION_LEVEL = 0;
				GCC_PREPROCESSOR_DEFINITIONS = (
					"DEBUG=1",
					"$(inherited)",
				);
				GCC_WARN_64_TO_32_BIT_CONVERSION = YES;
				GCC_WARN_ABOUT_RETURN_TYPE = YES_ERROR;
				GCC_WARN_UNDECLARED_SELECTOR = YES;
				GCC_WARN_UNINITIALIZED_AUTOS = YES_AGGRESSIVE;
				GCC_WARN_UNUSED_FUNCTION = YES;
				GCC_WARN_UNUSED_VARIABLE = YES;
				IPHONEOS_DEPLOYMENT_TARGET = 8.0;
				MTL_ENABLE_DEBUG_INFO = YES;
				ONLY_ACTIVE_ARCH = YES;
				SDKROOT = iphoneos;
			};
			name = Debug;
		};
		CB57DC282046BE2C00F2CFB3 /* Release */ = {
			isa = XCBuildConfiguration;
			buildSettings = {
				ALWAYS_SEARCH_USER_PATHS = NO;
				CLANG_ANALYZER_NONNULL = YES;
				CLANG_ANALYZER_NUMBER_OBJECT_CONVERSION = YES_AGGRESSIVE;
				CLANG_CXX_LANGUAGE_STANDARD = "gnu++14";
				CLANG_CXX_LIBRARY = "libc++";
				CLANG_ENABLE_MODULES = YES;
				CLANG_ENABLE_OBJC_ARC = YES;
				CLANG_WARN_BLOCK_CAPTURE_AUTORELEASING = YES;
				CLANG_WARN_BOOL_CONVERSION = YES;
				CLANG_WARN_COMMA = YES;
				CLANG_WARN_CONSTANT_CONVERSION = YES;
				CLANG_WARN_DIRECT_OBJC_ISA_USAGE = YES_ERROR;
				CLANG_WARN_DOCUMENTATION_COMMENTS = YES;
				CLANG_WARN_EMPTY_BODY = YES;
				CLANG_WARN_ENUM_CONVERSION = YES;
				CLANG_WARN_INFINITE_RECURSION = YES;
				CLANG_WARN_INT_CONVERSION = YES;
				CLANG_WARN_NON_LITERAL_NULL_CONVERSION = YES;
				CLANG_WARN_OBJC_LITERAL_CONVERSION = YES;
				CLANG_WARN_OBJC_ROOT_CLASS = YES_ERROR;
				CLANG_WARN_RANGE_LOOP_ANALYSIS = YES;
				CLANG_WARN_STRICT_PROTOTYPES = YES;
				CLANG_WARN_SUSPICIOUS_MOVE = YES;
				CLANG_WARN_UNGUARDED_AVAILABILITY = YES_AGGRESSIVE;
				CLANG_WARN_UNREACHABLE_CODE = YES;
				CLANG_WARN__DUPLICATE_METHOD_MATCH = YES;
				CODE_SIGN_IDENTITY = "iPhone Developer";
				COPY_PHASE_STRIP = NO;
				DEBUG_INFORMATION_FORMAT = "dwarf-with-dsym";
				ENABLE_NS_ASSERTIONS = NO;
				ENABLE_STRICT_OBJC_MSGSEND = YES;
				GCC_C_LANGUAGE_STANDARD = gnu11;
				GCC_NO_COMMON_BLOCKS = YES;
				GCC_WARN_64_TO_32_BIT_CONVERSION = YES;
				GCC_WARN_ABOUT_RETURN_TYPE = YES_ERROR;
				GCC_WARN_UNDECLARED_SELECTOR = YES;
				GCC_WARN_UNINITIALIZED_AUTOS = YES_AGGRESSIVE;
				GCC_WARN_UNUSED_FUNCTION = YES;
				GCC_WARN_UNUSED_VARIABLE = YES;
				IPHONEOS_DEPLOYMENT_TARGET = 8.0;
				MTL_ENABLE_DEBUG_INFO = NO;
				SDKROOT = iphoneos;
				VALIDATE_PRODUCT = YES;
			};
			name = Release;
		};
		CB57DC2A2046BE2C00F2CFB3 /* Debug */ = {
			isa = XCBuildConfiguration;
			baseConfigurationReference = 0142D65FD1C0B123102BC25C /* Pods-AppLotteryDraw.debug.xcconfig */;
			buildSettings = {
				ASSETCATALOG_COMPILER_APPICON_NAME = AppIcon;
				CODE_SIGN_ENTITLEMENTS = AppLotteryDraw/AppLotteryDraw.entitlements;
				CODE_SIGN_STYLE = Automatic;
				DEVELOPMENT_TEAM = 3MZA829TE2;
				GCC_PREFIX_HEADER = "";
				INFOPLIST_FILE = AppLotteryDraw/Info.plist;
				LD_RUNPATH_SEARCH_PATHS = "$(inherited) @executable_path/Frameworks";
				PRODUCT_BUNDLE_IDENTIFIER = com.sunset.lottery;
				PRODUCT_NAME = "$(TARGET_NAME)";
				TARGETED_DEVICE_FAMILY = 1;
			};
			name = Debug;
		};
		CB57DC2B2046BE2C00F2CFB3 /* Release */ = {
			isa = XCBuildConfiguration;
			baseConfigurationReference = 1D3B304FAB1AFD7CFA826C15 /* Pods-AppLotteryDraw.release.xcconfig */;
			buildSettings = {
				ASSETCATALOG_COMPILER_APPICON_NAME = AppIcon;
				CODE_SIGN_ENTITLEMENTS = AppLotteryDraw/AppLotteryDraw.entitlements;
				CODE_SIGN_STYLE = Automatic;
				DEVELOPMENT_TEAM = 3MZA829TE2;
				GCC_PREFIX_HEADER = "";
				INFOPLIST_FILE = AppLotteryDraw/Info.plist;
				LD_RUNPATH_SEARCH_PATHS = "$(inherited) @executable_path/Frameworks";
				PRODUCT_BUNDLE_IDENTIFIER = com.sunset.lottery;
				PRODUCT_NAME = "$(TARGET_NAME)";
				TARGETED_DEVICE_FAMILY = 1;
			};
			name = Release;
		};
/* End XCBuildConfiguration section */

/* Begin XCConfigurationList section */
		CB57DC0E2046BE2C00F2CFB3 /* Build configuration list for PBXProject "AppLotteryDraw" */ = {
			isa = XCConfigurationList;
			buildConfigurations = (
				CB57DC272046BE2C00F2CFB3 /* Debug */,
				CB57DC282046BE2C00F2CFB3 /* Release */,
			);
			defaultConfigurationIsVisible = 0;
			defaultConfigurationName = Release;
		};
		CB57DC292046BE2C00F2CFB3 /* Build configuration list for PBXNativeTarget "AppLotteryDraw" */ = {
			isa = XCConfigurationList;
			buildConfigurations = (
				CB57DC2A2046BE2C00F2CFB3 /* Debug */,
				CB57DC2B2046BE2C00F2CFB3 /* Release */,
			);
			defaultConfigurationIsVisible = 0;
			defaultConfigurationName = Release;
		};
/* End XCConfigurationList section */
	};
	rootObject = CB57DC0B2046BE2C00F2CFB3 /* Project object */;
}
