// !$*UTF8*$!
{
	archiveVersion = 1;
	classes = {
	};
	objectVersion = 48;
	objects = {

/* Begin PBXBuildFile section */
		CB57DC182046BE2C00F2CFB3 /* AppDelegate.m in Sources */ = {isa = PBXBuildFile; fileRef = CB57DC172046BE2C00F2CFB3 /* AppDelegate.m */; };
		CB57DC1B2046BE2C00F2CFB3 /* ViewController.m in Sources */ = {isa = PBXBuildFile; fileRef = CB57DC1A2046BE2C00F2CFB3 /* ViewController.m */; };
		CB57DC1E2046BE2C00F2CFB3 /* Main.storyboard in Resources */ = {isa = PBXBuildFile; fileRef = CB57DC1C2046BE2C00F2CFB3 /* Main.storyboard */; };
		CB57DC202046BE2C00F2CFB3 /* Assets.xcassets in Resources */ = {isa = PBXBuildFile; fileRef = CB57DC1F2046BE2C00F2CFB3 /* Assets.xcassets */; };
		CB57DC232046BE2C00F2CFB3 /* LaunchScreen.storyboard in Resources */ = {isa = PBXBuildFile; fileRef = CB57DC212046BE2C00F2CFB3 /* LaunchScreen.storyboard */; };
		CB57DC262046BE2C00F2CFB3 /* main.m in Sources */ = {isa = PBXBuildFile; fileRef = CB57DC252046BE2C00F2CFB3 /* main.m */; };
/* End PBXBuildFile section */

/* Begin PBXFileReference section */
		CB57DC132046BE2C00F2CFB3 /* AppLotteryDraw.app */ = {isa = PBXFileReference; explicitFileType = wrapper.application; includeInIndex = 0; path = AppLotteryDraw.app; sourceTree = BUILT_PRODUCTS_DIR; };
		CB57DC162046BE2C00F2CFB3 /* AppDelegate.h */ = {isa = PBXFileReference; lastKnownFileType = sourcecode.c.h; path = AppDelegate.h; sourceTree = "<group>"; };
		CB57DC172046BE2C00F2CFB3 /* AppDelegate.m */ = {isa = PBXFileReference; lastKnownFileType = sourcecode.c.objc; path = AppDelegate.m; sourceTree = "<group>"; };
		CB57DC192046BE2C00F2CFB3 /* ViewController.h */ = {isa = PBXFileReference; lastKnownFileType = sourcecode.c.h; path = ViewController.h; sourceTree = "<group>"; };
		CB57DC1A2046BE2C00F2CFB3 /* ViewController.m */ = {isa = PBXFileReference; lastKnownFileType = sourcecode.c.objc; path = ViewController.m; sourceTree = "<group>"; };
		CB57DC1D2046BE2C00F2CFB3 /* Base */ = {isa = PBXFileReference; lastKnownFileType = file.storyboard; name = Base; path = Base.lproj/Main.storyboard; sourceTree = "<group>"; };
		CB57DC1F2046BE2C00F2CFB3 /* Assets.xcassets */ = {isa = PBXFileReference; lastKnownFileType = folder.assetcatalog; path = Assets.xcassets; sourceTree = "<group>"; };
		CB57DC222046BE2C00F2CFB3 /* Base */ = {isa = PBXFileReference; lastKnownFileType = file.storyboard; name = Base; path = Base.lproj/LaunchScreen.storyboard; sourceTree = "<group>"; };
		CB57DC242046BE2C00F2CFB3 /* Info.plist */ = {isa = PBXFileReference; lastKnownFileType = text.plist.xml; path = Info.plist; sourceTree = "<group>"; };
		CB57DC252046BE2C00F2CFB3 /* main.m */ = {isa = PBXFileReference; lastKnownFileType = sourcecode.c.objc; path = main.m; sourceTree = "<group>"; };
/* End PBXFileReference section */

/* Begin PBXFrameworksBuildPhase section */
		CB57DC102046BE2C00F2CFB3 /* Frameworks */ = {
			isa = PBXFrameworksBuildPhase;
			buildActionMask = 2147483647;
			files = (
			);
			runOnlyForDeploymentPostprocessing = 0;
		};
/* End PBXFrameworksBuildPhase section */

/* Begin PBXGroup section */
		CB57DC0A2046BE2C00F2CFB3 = {
			isa = PBXGroup;
			children = (
				CB57DC152046BE2C00F2CFB3 /* AppLotteryDraw */,
				CB57DC142046BE2C00F2CFB3 /* Products */,
			);
			sourceTree = "<group>";
		};
		CB57DC142046BE2C00F2CFB3 /* Products */ = {
			isa = PBXGroup;
			children = (
				CB57DC132046BE2C00F2CFB3 /* AppLotteryDraw.app */,
			);
			name = Products;
			sourceTree = "<group>";
		};
		CB57DC152046BE2C00F2CFB3 /* AppLotteryDraw */ = {
			isa = PBXGroup;
			children = (
				CB57DC162046BE2C00F2CFB3 /* AppDelegate.h */,
				CB57DC172046BE2C00F2CFB3 /* AppDelegate.m */,
				CB57DC192046BE2C00F2CFB3 /* ViewController.h */,
				CB57DC1A2046BE2C00F2CFB3 /* ViewController.m */,
				CB57DC1C2046BE2C00F2CFB3 /* Main.storyboard */,
				CB57DC1F2046BE2C00F2CFB3 /* Assets.xcassets */,
				CB57DC212046BE2C00F2CFB3 /* LaunchScreen.storyboard */,
				CB57DC242046BE2C00F2CFB3 /* Info.plist */,
				CB57DC252046BE2C00F2CFB3 /* main.m */,
			);
			path = AppLotteryDraw;
			sourceTree = "<group>";
		};
/* End PBXGroup section */

/* Begin PBXNativeTarget section */
		CB57DC122046BE2C00F2CFB3 /* AppLotteryDraw */ = {
			isa = PBXNativeTarget;
			buildConfigurationList = CB57DC292046BE2C00F2CFB3 /* Build configuration list for PBXNativeTarget "AppLotteryDraw" */;
			buildPhases = (
				CB57DC0F2046BE2C00F2CFB3 /* Sources */,
				CB57DC102046BE2C00F2CFB3 /* Frameworks */,
				CB57DC112046BE2C00F2CFB3 /* Resources */,
			);
			buildRules = (
			);
			dependencies = (
			);
			name = AppLotteryDraw;
			productName = AppLotteryDraw;
			productReference = CB57DC132046BE2C00F2CFB3 /* AppLotteryDraw.app */;
			productType = "com.apple.product-type.application";
		};
/* End PBXNativeTarget section */

/* Begin PBXProject section */
		CB57DC0B2046BE2C00F2CFB3 /* Project object */ = {
			isa = PBXProject;
			attributes = {
				LastUpgradeCheck = 0900;
				ORGANIZATIONNAME = SunSet;
				TargetAttributes = {
					CB57DC122046BE2C00F2CFB3 = {
						CreatedOnToolsVersion = 9.0;
						ProvisioningStyle = Automatic;
					};
				};
			};
			buildConfigurationList = CB57DC0E2046BE2C00F2CFB3 /* Build configuration list for PBXProject "AppLotteryDraw" */;
			compatibilityVersion = "Xcode 8.0";
			developmentRegion = en;
			hasScannedForEncodings = 0;
			knownRegions = (
				en,
				Base,
			);
			mainGroup = CB57DC0A2046BE2C00F2CFB3;
			productRefGroup = CB57DC142046BE2C00F2CFB3 /* Products */;
			projectDirPath = "";
			projectRoot = "";
			targets = (
				CB57DC122046BE2C00F2CFB3 /* AppLotteryDraw */,
			);
		};
/* End PBXProject section */

/* Begin PBXResourcesBuildPhase section */
		CB57DC112046BE2C00F2CFB3 /* Resources */ = {
			isa = PBXResourcesBuildPhase;
			buildActionMask = 2147483647;
			files = (
				CB57DC232046BE2C00F2CFB3 /* LaunchScreen.storyboard in Resources */,
				CB57DC202046BE2C00F2CFB3 /* Assets.xcassets in Resources */,
				CB57DC1E2046BE2C00F2CFB3 /* Main.storyboard in Resources */,
			);
			runOnlyForDeploymentPostprocessing = 0;
		};
/* End PBXResourcesBuildPhase section */

/* Begin PBXSourcesBuildPhase section */
		CB57DC0F2046BE2C00F2CFB3 /* Sources */ = {
			isa = PBXSourcesBuildPhase;
			buildActionMask = 2147483647;
			files = (
				CB57DC1B2046BE2C00F2CFB3 /* ViewController.m in Sources */,
				CB57DC262046BE2C00F2CFB3 /* main.m in Sources */,
				CB57DC182046BE2C00F2CFB3 /* AppDelegate.m in Sources */,
			);
			runOnlyForDeploymentPostprocessing = 0;
		};
/* End PBXSourcesBuildPhase section */

/* Begin PBXVariantGroup section */
		CB57DC1C2046BE2C00F2CFB3 /* Main.storyboard */ = {
			isa = PBXVariantGroup;
			children = (
				CB57DC1D2046BE2C00F2CFB3 /* Base */,
			);
			name = Main.storyboard;
			sourceTree = "<group>";
		};
		CB57DC212046BE2C00F2CFB3 /* LaunchScreen.storyboard */ = {
			isa = PBXVariantGroup;
			children = (
				CB57DC222046BE2C00F2CFB3 /* Base */,
			);
			name = LaunchScreen.storyboard;
			sourceTree = "<group>";
		};
/* End PBXVariantGroup section */

/* Begin XCBuildConfiguration section */
		CB57DC272046BE2C00F2CFB3 /* Debug */ = {
			isa = XCBuildConfiguration;
			buildSettings = {
				ALWAYS_SEARCH_USER_PATHS = NO;
				CLANG_ANALYZER_NONNULL = YES;
				CLANG_ANALYZER_NUMBER_OBJECT_CONVERSION = YES_AGGRESSIVE;
				CLANG_CXX_LANGUAGE_STANDARD = "gnu++14";
				CLANG_CXX_LIBRARY = "libc++";
				CLANG_ENABLE_MODULES = YES;
				CLANG_ENABLE_OBJC_ARC = YES;
				CLANG_WARN_BLOCK_CAPTURE_AUTORELEASING = YES;
				CLANG_WARN_BOOL_CONVERSION = YES;
				CLANG_WARN_COMMA = YES;
				CLANG_WARN_CONSTANT_CONVERSION = YES;
				CLANG_WARN_DIRECT_OBJC_ISA_USAGE = YES_ERROR;
				CLANG_WARN_DOCUMENTATION_COMMENTS = YES;
				CLANG_WARN_EMPTY_BODY = YES;
				CLANG_WARN_ENUM_CONVERSION = YES;
				CLANG_WARN_INFINITE_RECURSION = YES;
				CLANG_WARN_INT_CONVERSION = YES;
				CLANG_WARN_NON_LITERAL_NULL_CONVERSION = YES;
				CLANG_WARN_OBJC_LITERAL_CONVERSION = YES;
				CLANG_WARN_OBJC_ROOT_CLASS = YES_ERROR;
				CLANG_WARN_RANGE_LOOP_ANALYSIS = YES;
				CLANG_WARN_STRICT_PROTOTYPES = YES;
				CLANG_WARN_SUSPICIOUS_MOVE = YES;
				CLANG_WARN_UNGUARDED_AVAILABILITY = YES_AGGRESSIVE;
				CLANG_WARN_UNREACHABLE_CODE = YES;
				CLANG_WARN__DUPLICATE_METHOD_MATCH = YES;
				CODE_SIGN_IDENTITY = "iPhone Developer";
				COPY_PHASE_STRIP = NO;
				DEBUG_INFORMATION_FORMAT = dwarf;
				ENABLE_STRICT_OBJC_MSGSEND = YES;
				ENABLE_TESTABILITY = YES;
				GCC_C_LANGUAGE_STANDARD = gnu11;
				GCC_DYNAMIC_NO_PIC = NO;
				GCC_NO_COMMON_BLOCKS = YES;
				GCC_OPTIMIZATION_LEVEL = 0;
				GCC_PREPROCESSOR_DEFINITIONS = (
					"DEBUG=1",
					"$(inherited)",
				);
				GCC_WARN_64_TO_32_BIT_CONVERSION = YES;
				GCC_WARN_ABOUT_RETURN_TYPE = YES_ERROR;
				GCC_WARN_UNDECLARED_SELECTOR = YES;
				GCC_WARN_UNINITIALIZED_AUTOS = YES_AGGRESSIVE;
				GCC_WARN_UNUSED_FUNCTION = YES;
				GCC_WARN_UNUSED_VARIABLE = YES;
				IPHONEOS_DEPLOYMENT_TARGET = 11.0;
				MTL_ENABLE_DEBUG_INFO = YES;
				ONLY_ACTIVE_ARCH = YES;
				SDKROOT = iphoneos;
			};
			name = Debug;
		};
		CB57DC282046BE2C00F2CFB3 /* Release */ = {
			isa = XCBuildConfiguration;
			buildSettings = {
				ALWAYS_SEARCH_USER_PATHS = NO;
				CLANG_ANALYZER_NONNULL = YES;
				CLANG_ANALYZER_NUMBER_OBJECT_CONVERSION = YES_AGGRESSIVE;
				CLANG_CXX_LANGUAGE_STANDARD = "gnu++14";
				CLANG_CXX_LIBRARY = "libc++";
				CLANG_ENABLE_MODULES = YES;
				CLANG_ENABLE_OBJC_ARC = YES;
				CLANG_WARN_BLOCK_CAPTURE_AUTORELEASING = YES;
				CLANG_WARN_BOOL_CONVERSION = YES;
				CLANG_WARN_COMMA = YES;
				CLANG_WARN_CONSTANT_CONVERSION = YES;
				CLANG_WARN_DIRECT_OBJC_ISA_USAGE = YES_ERROR;
				CLANG_WARN_DOCUMENTATION_COMMENTS = YES;
				CLANG_WARN_EMPTY_BODY = YES;
				CLANG_WARN_ENUM_CONVERSION = YES;
				CLANG_WARN_INFINITE_RECURSION = YES;
				CLANG_WARN_INT_CONVERSION = YES;
				CLANG_WARN_NON_LITERAL_NULL_CONVERSION = YES;
				CLANG_WARN_OBJC_LITERAL_CONVERSION = YES;
				CLANG_WARN_OBJC_ROOT_CLASS = YES_ERROR;
				CLANG_WARN_RANGE_LOOP_ANALYSIS = YES;
				CLANG_WARN_STRICT_PROTOTYPES = YES;
				CLANG_WARN_SUSPICIOUS_MOVE = YES;
				CLANG_WARN_UNGUARDED_AVAILABILITY = YES_AGGRESSIVE;
				CLANG_WARN_UNREACHABLE_CODE = YES;
				CLANG_WARN__DUPLICATE_METHOD_MATCH = YES;
				CODE_SIGN_IDENTITY = "iPhone Developer";
				COPY_PHASE_STRIP = NO;
				DEBUG_INFORMATION_FORMAT = "dwarf-with-dsym";
				ENABLE_NS_ASSERTIONS = NO;
				ENABLE_STRICT_OBJC_MSGSEND = YES;
				GCC_C_LANGUAGE_STANDARD = gnu11;
				GCC_NO_COMMON_BLOCKS = YES;
				GCC_WARN_64_TO_32_BIT_CONVERSION = YES;
				GCC_WARN_ABOUT_RETURN_TYPE = YES_ERROR;
				GCC_WARN_UNDECLARED_SELECTOR = YES;
				GCC_WARN_UNINITIALIZED_AUTOS = YES_AGGRESSIVE;
				GCC_WARN_UNUSED_FUNCTION = YES;
				GCC_WARN_UNUSED_VARIABLE = YES;
				IPHONEOS_DEPLOYMENT_TARGET = 11.0;
				MTL_ENABLE_DEBUG_INFO = NO;
				SDKROOT = iphoneos;
				VALIDATE_PRODUCT = YES;
			};
			name = Release;
		};
		CB57DC2A2046BE2C00F2CFB3 /* Debug */ = {
			isa = XCBuildConfiguration;
			buildSettings = {
				ASSETCATALOG_COMPILER_APPICON_NAME = AppIcon;
				CODE_SIGN_STYLE = Automatic;
				INFOPLIST_FILE = AppLotteryDraw/Info.plist;
				LD_RUNPATH_SEARCH_PATHS = "$(inherited) @executable_path/Frameworks";
				PRODUCT_BUNDLE_IDENTIFIER = com.test.AppLotteryDraw;
				PRODUCT_NAME = "$(TARGET_NAME)";
				TARGETED_DEVICE_FAMILY = "1,2";
			};
			name = Debug;
		};
		CB57DC2B2046BE2C00F2CFB3 /* Release */ = {
			isa = XCBuildConfiguration;
			buildSettings = {
				ASSETCATALOG_COMPILER_APPICON_NAME = AppIcon;
				CODE_SIGN_STYLE = Automatic;
				INFOPLIST_FILE = AppLotteryDraw/Info.plist;
				LD_RUNPATH_SEARCH_PATHS = "$(inherited) @executable_path/Frameworks";
				PRODUCT_BUNDLE_IDENTIFIER = com.test.AppLotteryDraw;
				PRODUCT_NAME = "$(TARGET_NAME)";
				TARGETED_DEVICE_FAMILY = "1,2";
			};
			name = Release;
		};
/* End XCBuildConfiguration section */

/* Begin XCConfigurationList section */
		CB57DC0E2046BE2C00F2CFB3 /* Build configuration list for PBXProject "AppLotteryDraw" */ = {
			isa = XCConfigurationList;
			buildConfigurations = (
				CB57DC272046BE2C00F2CFB3 /* Debug */,
				CB57DC282046BE2C00F2CFB3 /* Release */,
			);
			defaultConfigurationIsVisible = 0;
			defaultConfigurationName = Release;
		};
		CB57DC292046BE2C00F2CFB3 /* Build configuration list for PBXNativeTarget "AppLotteryDraw" */ = {
			isa = XCConfigurationList;
			buildConfigurations = (
				CB57DC2A2046BE2C00F2CFB3 /* Debug */,
				CB57DC2B2046BE2C00F2CFB3 /* Release */,
			);
			defaultConfigurationIsVisible = 0;
			defaultConfigurationName = Release;
		};
/* End XCConfigurationList section */
	};
	rootObject = CB57DC0B2046BE2C00F2CFB3 /* Project object */;
}
